{
  "name": "weplaymainPreTokenGeneration",
  "version": "2.0.0",
  "lockfileVersion": 3,
  "requires": true,
  "packages": {
    "": {
      "name": "weplaymainPreTokenGeneration",
      "version": "2.0.0",
      "license": "Apache-2.0",
      "dependencies": {
        "@aws-crypto/sha256-js": "^5.2.0",
        "@smithy/protocol-http": "^4.1.0",
        "@smithy/signature-v4": "^4.1.0"
      },
      "devDependencies": {
        "@types/aws-lambda": "^8.10.92"
      }
    },
    "node_modules/@aws-crypto/sha256-js": {
      "version": "5.2.0",
      "resolved": "https://registry.npmjs.org/@aws-crypto/sha256-js/-/sha256-js-5.2.0.tgz",
      "integrity": "sha512-FFQQyu7edu4ufvIZ+OadFpHHOt+eSTBaYaki44c+akjg7qZg9oOQeLlk77F6tSYqjDAFClrHJk9tMf0HdVyOvA==",
      "dependencies": {
        "@aws-crypto/util": "^5.2.0",
        "@aws-sdk/types": "^3.222.0",
        "tslib": "^2.6.2"
      },
      "engines": {
        "node": ">=16.0.0"
      }
    },
    "node_modules/@aws-crypto/util": {
      "version": "5.2.0",
      "resolved": "https://registry.npmjs.org/@aws-crypto/util/-/util-5.2.0.tgz",
      "integrity": "sha512-4RkU9EsI6ZpBve5fseQlGNUWKMa1RLPQ1dnjnQoe07ldfIzcsGb5hC5W0Dm7u423KWzawlrpbjXBrXCEv9zazQ==",
      "dependencies": {
        "@aws-sdk/types": "^3.222.0",
        "@smithy/util-utf8": "^2.0.0",
        "tslib": "^2.6.2"
      }
    },
    "node_modules/@aws-sdk/types": {
      "version": "3.609.0",
      "resolved": "https://registry.npmjs.org/@aws-sdk/types/-/types-3.609.0.tgz",
      "integrity": "sha512-+Tqnh9w0h2LcrUsdXyT1F8mNhXz+tVYBtP19LpeEGntmvHwa2XzvLUCWpoIAIVsHp5+HdB2X9Sn0KAtmbFXc2Q==",
      "dependencies": {
        "@smithy/types": "^3.3.0",
        "tslib": "^2.6.2"
      },
      "engines": {
        "node": ">=16.0.0"
      }
    },
    "node_modules/@smithy/is-array-buffer": {
      "version": "3.0.0",
      "resolved": "https://registry.npmjs.org/@smithy/is-array-buffer/-/is-array-buffer-3.0.0.tgz",
      "integrity": "sha512-+Fsu6Q6C4RSJiy81Y8eApjEB5gVtM+oFKTffg+jSuwtvomJJrhUJBu2zS8wjXSgH/g1MKEWrzyChTBe6clb5FQ==",
      "dependencies": {
        "tslib": "^2.6.2"
      },
      "engines": {
        "node": ">=16.0.0"
      }
    },
    "node_modules/@smithy/protocol-http": {
      "version": "4.1.0",
      "resolved": "https://registry.npmjs.org/@smithy/protocol-http/-/protocol-http-4.1.0.tgz",
      "integrity": "sha512-dPVoHYQ2wcHooGXg3LQisa1hH0e4y0pAddPMeeUPipI1tEOqL6A4N0/G7abeq+K8wrwSgjk4C0wnD1XZpJm5aA==",
      "dependencies": {
        "@smithy/types": "^3.3.0",
        "tslib": "^2.6.2"
      },
      "engines": {
        "node": ">=16.0.0"
      }
    },
    "node_modules/@smithy/signature-v4": {
      "version": "4.1.0",
      "resolved": "https://registry.npmjs.org/@smithy/signature-v4/-/signature-v4-4.1.0.tgz",
      "integrity": "sha512-aRryp2XNZeRcOtuJoxjydO6QTaVhxx/vjaR+gx7ZjaFgrgPRyZ3HCTbfwqYj6ZWEBHkCSUfcaymKPURaByukag==",
      "dependencies": {
        "@smithy/is-array-buffer": "^3.0.0",
        "@smithy/protocol-http": "^4.1.0",
        "@smithy/types": "^3.3.0",
        "@smithy/util-hex-encoding": "^3.0.0",
        "@smithy/util-middleware": "^3.0.3",
        "@smithy/util-uri-escape": "^3.0.0",
        "@smithy/util-utf8": "^3.0.0",
        "tslib": "^2.6.2"
      },
      "engines": {
        "node": ">=16.0.0"
      }
    },
    "node_modules/@smithy/signature-v4/node_modules/@smithy/util-buffer-from": {
      "version": "3.0.0",
      "resolved": "https://registry.npmjs.org/@smithy/util-buffer-from/-/util-buffer-from-3.0.0.tgz",
      "integrity": "sha512-aEOHCgq5RWFbP+UDPvPot26EJHjOC+bRgse5A8V3FSShqd5E5UN4qc7zkwsvJPPAVsf73QwYcHN1/gt/rtLwQA==",
      "dependencies": {
        "@smithy/is-array-buffer": "^3.0.0",
        "tslib": "^2.6.2"
      },
      "engines": {
        "node": ">=16.0.0"
      }
    },
    "node_modules/@smithy/signature-v4/node_modules/@smithy/util-utf8": {
      "version": "3.0.0",
      "resolved": "https://registry.npmjs.org/@smithy/util-utf8/-/util-utf8-3.0.0.tgz",
      "integrity": "sha512-rUeT12bxFnplYDe815GXbq/oixEGHfRFFtcTF3YdDi/JaENIM6aSYYLJydG83UNzLXeRI5K8abYd/8Sp/QM0kA==",
      "dependencies": {
        "@smithy/util-buffer-from": "^3.0.0",
        "tslib": "^2.6.2"
      },
      "engines": {
        "node": ">=16.0.0"
      }
    },
    "node_modules/@smithy/types": {
      "version": "3.3.0",
      "resolved": "https://registry.npmjs.org/@smithy/types/-/types-3.3.0.tgz",
      "integrity": "sha512-IxvBBCTFDHbVoK7zIxqA1ZOdc4QfM5HM7rGleCuHi7L1wnKv5Pn69xXJQ9hgxH60ZVygH9/JG0jRgtUncE3QUA==",
      "dependencies": {
        "tslib": "^2.6.2"
      },
      "engines": {
        "node": ">=16.0.0"
      }
    },
    "node_modules/@smithy/util-buffer-from": {
      "version": "2.2.0",
      "resolved": "https://registry.npmjs.org/@smithy/util-buffer-from/-/util-buffer-from-2.2.0.tgz",
      "integrity": "sha512-IJdWBbTcMQ6DA0gdNhh/BwrLkDR+ADW5Kr1aZmd4k3DIF6ezMV4R2NIAmT08wQJ3yUK82thHWmC/TnK/wpMMIA==",
      "dependencies": {
        "@smithy/is-array-buffer": "^2.2.0",
        "tslib": "^2.6.2"
      },
      "engines": {
        "node": ">=14.0.0"
      }
    },
    "node_modules/@smithy/util-buffer-from/node_modules/@smithy/is-array-buffer": {
      "version": "2.2.0",
      "resolved": "https://registry.npmjs.org/@smithy/is-array-buffer/-/is-array-buffer-2.2.0.tgz",
      "integrity": "sha512-GGP3O9QFD24uGeAXYUjwSTXARoqpZykHadOmA8G5vfJPK0/DC67qa//0qvqrJzL1xc8WQWX7/yc7fwudjPHPhA==",
      "dependencies": {
        "tslib": "^2.6.2"
      },
      "engines": {
        "node": ">=14.0.0"
      }
    },
    "node_modules/@smithy/util-hex-encoding": {
      "version": "3.0.0",
      "resolved": "https://registry.npmjs.org/@smithy/util-hex-encoding/-/util-hex-encoding-3.0.0.tgz",
      "integrity": "sha512-eFndh1WEK5YMUYvy3lPlVmYY/fZcQE1D8oSf41Id2vCeIkKJXPcYDCZD+4+xViI6b1XSd7tE+s5AmXzz5ilabQ==",
      "dependencies": {
        "tslib": "^2.6.2"
      },
      "engines": {
        "node": ">=16.0.0"
      }
    },
    "node_modules/@smithy/util-middleware": {
      "version": "3.0.3",
      "resolved": "https://registry.npmjs.org/@smithy/util-middleware/-/util-middleware-3.0.3.tgz",
      "integrity": "sha512-l+StyYYK/eO3DlVPbU+4Bi06Jjal+PFLSMmlWM1BEwyLxZ3aKkf1ROnoIakfaA7mC6uw3ny7JBkau4Yc+5zfWw==",
      "dependencies": {
        "@smithy/types": "^3.3.0",
        "tslib": "^2.6.2"
      },
      "engines": {
        "node": ">=16.0.0"
      }
    },
    "node_modules/@smithy/util-uri-escape": {
      "version": "3.0.0",
      "resolved": "https://registry.npmjs.org/@smithy/util-uri-escape/-/util-uri-escape-3.0.0.tgz",
      "integrity": "sha512-LqR7qYLgZTD7nWLBecUi4aqolw8Mhza9ArpNEQ881MJJIU2sE5iHCK6TdyqqzcDLy0OPe10IY4T8ctVdtynubg==",
      "dependencies": {
        "tslib": "^2.6.2"
      },
      "engines": {
        "node": ">=16.0.0"
      }
    },
    "node_modules/@smithy/util-utf8": {
      "version": "2.3.0",
      "resolved": "https://registry.npmjs.org/@smithy/util-utf8/-/util-utf8-2.3.0.tgz",
      "integrity": "sha512-R8Rdn8Hy72KKcebgLiv8jQcQkXoLMOGGv5uI1/k0l+snqkOzQ1R0ChUBCxWMlBsFMekWjq0wRudIweFs7sKT5A==",
      "dependencies": {
        "@smithy/util-buffer-from": "^2.2.0",
        "tslib": "^2.6.2"
      },
      "engines": {
        "node": ">=14.0.0"
      }
    },
    "node_modules/@types/aws-lambda": {
      "version": "8.10.142",
      "resolved": "https://registry.npmjs.org/@types/aws-lambda/-/aws-lambda-8.10.142.tgz",
      "integrity": "sha512-wy2y/2hQKrS6myOS++koXg3N1Hg+LLyPjaggCFajczSHZPqBnOMuT2sdH3kiASrmdBYyM3pmjyz5SoWraRllCQ==",
      "dev": true
    },
    "node_modules/tslib": {
      "version": "2.6.3",
      "resolved": "https://registry.npmjs.org/tslib/-/tslib-2.6.3.tgz",
      "integrity": "sha512-xNvxJEOUiWPGhUuUdQgAJPKOOJfGnIyKySOc09XkKsgdUV/3E2zvwZYdejjmRgPCgcym1juLH3226yA7sEFJKQ=="
    }
  }
}
